// !$*UTF8*$!
{
	archiveVersion = 1;
	classes = {
	};
	objectVersion = 55;
	objects = {

/* Begin PBXBuildFile section */
		3D24AD3A27C29D0400C79447 /* CountyInfo.swift in Sources */ = {isa = PBXBuildFile; fileRef = 3D24AD3927C29D0400C79447 /* CountyInfo.swift */; };
		3D435A4427C47A2E001921BA /* Food_Banks%2C_2017.geojson in Resources */ = {isa = PBXBuildFile; fileRef = 3D435A4327C47A2E001921BA /* Food_Banks%2C_2017.geojson */; };
		3D92695D27C00A9C00065A9A /* AppDelegate.swift in Sources */ = {isa = PBXBuildFile; fileRef = 3D92695C27C00A9C00065A9A /* AppDelegate.swift */; };
		3D92695F27C00A9C00065A9A /* SceneDelegate.swift in Sources */ = {isa = PBXBuildFile; fileRef = 3D92695E27C00A9C00065A9A /* SceneDelegate.swift */; };
		3D92696127C00A9C00065A9A /* ViewController.swift in Sources */ = {isa = PBXBuildFile; fileRef = 3D92696027C00A9C00065A9A /* ViewController.swift */; };
		3D92696427C00A9C00065A9A /* Main.storyboard in Resources */ = {isa = PBXBuildFile; fileRef = 3D92696227C00A9C00065A9A /* Main.storyboard */; };
		3D92696627C00A9E00065A9A /* Assets.xcassets in Resources */ = {isa = PBXBuildFile; fileRef = 3D92696527C00A9E00065A9A /* Assets.xcassets */; };
		3D92696927C00A9E00065A9A /* LaunchScreen.storyboard in Resources */ = {isa = PBXBuildFile; fileRef = 3D92696727C00A9E00065A9A /* LaunchScreen.storyboard */; };
		3D92697427C00A9F00065A9A /* FoodDesertTake2Tests.swift in Sources */ = {isa = PBXBuildFile; fileRef = 3D92697327C00A9F00065A9A /* FoodDesertTake2Tests.swift */; };
		3D92697E27C00A9F00065A9A /* FoodDesertTake2UITests.swift in Sources */ = {isa = PBXBuildFile; fileRef = 3D92697D27C00A9F00065A9A /* FoodDesertTake2UITests.swift */; };
		3D92698027C00A9F00065A9A /* FoodDesertTake2UITestsLaunchTests.swift in Sources */ = {isa = PBXBuildFile; fileRef = 3D92697F27C00A9F00065A9A /* FoodDesertTake2UITestsLaunchTests.swift */; };
		3D99CE1C27C4946C0065F10E /* FoodBanks.swift in Sources */ = {isa = PBXBuildFile; fileRef = 3D99CE1B27C4946C0065F10E /* FoodBanks.swift */; };
		3D99CE1E27C495270065F10E /* FoodBanksView.swift in Sources */ = {isa = PBXBuildFile; fileRef = 3D99CE1D27C495270065F10E /* FoodBanksView.swift */; };
		3DB6282127C5C5DB00AC1B93 /* PLEASEWORK.geojson in Resources */ = {isa = PBXBuildFile; fileRef = 3DB6282027C5C5DB00AC1B93 /* PLEASEWORK.geojson */; };
		3DF6808D27C2067000D1170D /* Food_Access_USDA.geojson in Resources */ = {isa = PBXBuildFile; fileRef = 3DF6808C27C2067000D1170D /* Food_Access_USDA.geojson */; };
		3DF6808F27C20AA200D1170D /* FloridaFoodDeserts.geojson in Resources */ = {isa = PBXBuildFile; fileRef = 3DF6808E27C20AA100D1170D /* FloridaFoodDeserts.geojson */; };
/* End PBXBuildFile section */

/* Begin PBXContainerItemProxy section */
		3D92697027C00A9F00065A9A /* PBXContainerItemProxy */ = {
			isa = PBXContainerItemProxy;
			containerPortal = 3D92695127C00A9C00065A9A /* Project object */;
			proxyType = 1;
			remoteGlobalIDString = 3D92695827C00A9C00065A9A;
			remoteInfo = FoodDesertTake2;
		};
		3D92697A27C00A9F00065A9A /* PBXContainerItemProxy */ = {
			isa = PBXContainerItemProxy;
			containerPortal = 3D92695127C00A9C00065A9A /* Project object */;
			proxyType = 1;
			remoteGlobalIDString = 3D92695827C00A9C00065A9A;
			remoteInfo = FoodDesertTake2;
		};
/* End PBXContainerItemProxy section */

/* Begin PBXFileReference section */
		3D24AD3927C29D0400C79447 /* CountyInfo.swift */ = {isa = PBXFileReference; lastKnownFileType = sourcecode.swift; path = CountyInfo.swift; sourceTree = "<group>"; };
		3D435A4327C47A2E001921BA /* Food_Banks%2C_2017.geojson */ = {isa = PBXFileReference; fileEncoding = 4; lastKnownFileType = text; path = "Food_Banks%2C_2017.geojson"; sourceTree = "<group>"; };
		3D92695927C00A9C00065A9A /* FoodDesertTake2.app */ = {isa = PBXFileReference; explicitFileType = wrapper.application; includeInIndex = 0; path = FoodDesertTake2.app; sourceTree = BUILT_PRODUCTS_DIR; };
		3D92695C27C00A9C00065A9A /* AppDelegate.swift */ = {isa = PBXFileReference; lastKnownFileType = sourcecode.swift; path = AppDelegate.swift; sourceTree = "<group>"; };
		3D92695E27C00A9C00065A9A /* SceneDelegate.swift */ = {isa = PBXFileReference; lastKnownFileType = sourcecode.swift; path = SceneDelegate.swift; sourceTree = "<group>"; };
		3D92696027C00A9C00065A9A /* ViewController.swift */ = {isa = PBXFileReference; lastKnownFileType = sourcecode.swift; path = ViewController.swift; sourceTree = "<group>"; };
		3D92696327C00A9C00065A9A /* Base */ = {isa = PBXFileReference; lastKnownFileType = file.storyboard; name = Base; path = Base.lproj/Main.storyboard; sourceTree = "<group>"; };
		3D92696527C00A9E00065A9A /* Assets.xcassets */ = {isa = PBXFileReference; lastKnownFileType = folder.assetcatalog; path = Assets.xcassets; sourceTree = "<group>"; };
		3D92696827C00A9E00065A9A /* Base */ = {isa = PBXFileReference; lastKnownFileType = file.storyboard; name = Base; path = Base.lproj/LaunchScreen.storyboard; sourceTree = "<group>"; };
		3D92696A27C00A9E00065A9A /* Info.plist */ = {isa = PBXFileReference; lastKnownFileType = text.plist.xml; path = Info.plist; sourceTree = "<group>"; };
		3D92696F27C00A9F00065A9A /* FoodDesertTake2Tests.xctest */ = {isa = PBXFileReference; explicitFileType = wrapper.cfbundle; includeInIndex = 0; path = FoodDesertTake2Tests.xctest; sourceTree = BUILT_PRODUCTS_DIR; };
		3D92697327C00A9F00065A9A /* FoodDesertTake2Tests.swift */ = {isa = PBXFileReference; lastKnownFileType = sourcecode.swift; path = FoodDesertTake2Tests.swift; sourceTree = "<group>"; };
		3D92697927C00A9F00065A9A /* FoodDesertTake2UITests.xctest */ = {isa = PBXFileReference; explicitFileType = wrapper.cfbundle; includeInIndex = 0; path = FoodDesertTake2UITests.xctest; sourceTree = BUILT_PRODUCTS_DIR; };
		3D92697D27C00A9F00065A9A /* FoodDesertTake2UITests.swift */ = {isa = PBXFileReference; lastKnownFileType = sourcecode.swift; path = FoodDesertTake2UITests.swift; sourceTree = "<group>"; };
		3D92697F27C00A9F00065A9A /* FoodDesertTake2UITestsLaunchTests.swift */ = {isa = PBXFileReference; lastKnownFileType = sourcecode.swift; path = FoodDesertTake2UITestsLaunchTests.swift; sourceTree = "<group>"; };
		3D99CE1B27C4946C0065F10E /* FoodBanks.swift */ = {isa = PBXFileReference; lastKnownFileType = sourcecode.swift; path = FoodBanks.swift; sourceTree = "<group>"; };
		3D99CE1D27C495270065F10E /* FoodBanksView.swift */ = {isa = PBXFileReference; lastKnownFileType = sourcecode.swift; path = FoodBanksView.swift; sourceTree = "<group>"; };
		3DB6282027C5C5DB00AC1B93 /* PLEASEWORK.geojson */ = {isa = PBXFileReference; fileEncoding = 4; lastKnownFileType = text; path = PLEASEWORK.geojson; sourceTree = "<group>"; };
		3DF6808C27C2067000D1170D /* Food_Access_USDA.geojson */ = {isa = PBXFileReference; fileEncoding = 4; lastKnownFileType = text; path = Food_Access_USDA.geojson; sourceTree = "<group>"; };
		3DF6808E27C20AA100D1170D /* FloridaFoodDeserts.geojson */ = {isa = PBXFileReference; fileEncoding = 4; lastKnownFileType = text; path = FloridaFoodDeserts.geojson; sourceTree = "<group>"; };
/* End PBXFileReference section */

/* Begin PBXFrameworksBuildPhase section */
		3D92695627C00A9C00065A9A /* Frameworks */ = {
			isa = PBXFrameworksBuildPhase;
			buildActionMask = 2147483647;
			files = (
			);
			runOnlyForDeploymentPostprocessing = 0;
		};
		3D92696C27C00A9F00065A9A /* Frameworks */ = {
			isa = PBXFrameworksBuildPhase;
			buildActionMask = 2147483647;
			files = (
			);
			runOnlyForDeploymentPostprocessing = 0;
		};
		3D92697627C00A9F00065A9A /* Frameworks */ = {
			isa = PBXFrameworksBuildPhase;
			buildActionMask = 2147483647;
			files = (
			);
			runOnlyForDeploymentPostprocessing = 0;
		};
/* End PBXFrameworksBuildPhase section */

/* Begin PBXGroup section */
		3D92695027C00A9C00065A9A = {
			isa = PBXGroup;
			children = (
				3D92695B27C00A9C00065A9A /* FoodDesertTake2 */,
				3D92697227C00A9F00065A9A /* FoodDesertTake2Tests */,
				3D92697C27C00A9F00065A9A /* FoodDesertTake2UITests */,
				3D92695A27C00A9C00065A9A /* Products */,
			);
			sourceTree = "<group>";
		};
		3D92695A27C00A9C00065A9A /* Products */ = {
			isa = PBXGroup;
			children = (
				3D92695927C00A9C00065A9A /* FoodDesertTake2.app */,
				3D92696F27C00A9F00065A9A /* FoodDesertTake2Tests.xctest */,
				3D92697927C00A9F00065A9A /* FoodDesertTake2UITests.xctest */,
			);
			name = Products;
			sourceTree = "<group>";
		};
		3D92695B27C00A9C00065A9A /* FoodDesertTake2 */ = {
			isa = PBXGroup;
			children = (
				3D92695C27C00A9C00065A9A /* AppDelegate.swift */,
				3D92695E27C00A9C00065A9A /* SceneDelegate.swift */,
				3D92696027C00A9C00065A9A /* ViewController.swift */,
				3D99CE1B27C4946C0065F10E /* FoodBanks.swift */,
				3D99CE1D27C495270065F10E /* FoodBanksView.swift */,
				3D24AD3927C29D0400C79447 /* CountyInfo.swift */,
				3DB6282027C5C5DB00AC1B93 /* PLEASEWORK.geojson */,
				3D435A4327C47A2E001921BA /* Food_Banks%2C_2017.geojson */,
				3DF6808E27C20AA100D1170D /* FloridaFoodDeserts.geojson */,
				3DF6808C27C2067000D1170D /* Food_Access_USDA.geojson */,
				3D92696227C00A9C00065A9A /* Main.storyboard */,
				3D92696527C00A9E00065A9A /* Assets.xcassets */,
				3D92696727C00A9E00065A9A /* LaunchScreen.storyboard */,
				3D92696A27C00A9E00065A9A /* Info.plist */,
			);
			path = FoodDesertTake2;
			sourceTree = "<group>";
		};
		3D92697227C00A9F00065A9A /* FoodDesertTake2Tests */ = {
			isa = PBXGroup;
			children = (
				3D92697327C00A9F00065A9A /* FoodDesertTake2Tests.swift */,
			);
			path = FoodDesertTake2Tests;
			sourceTree = "<group>";
		};
		3D92697C27C00A9F00065A9A /* FoodDesertTake2UITests */ = {
			isa = PBXGroup;
			children = (
				3D92697D27C00A9F00065A9A /* FoodDesertTake2UITests.swift */,
				3D92697F27C00A9F00065A9A /* FoodDesertTake2UITestsLaunchTests.swift */,
			);
			path = FoodDesertTake2UITests;
			sourceTree = "<group>";
		};
/* End PBXGroup section */

/* Begin PBXNativeTarget section */
		3D92695827C00A9C00065A9A /* FoodDesertTake2 */ = {
			isa = PBXNativeTarget;
			buildConfigurationList = 3D92698327C00A9F00065A9A /* Build configuration list for PBXNativeTarget "FoodDesertTake2" */;
			buildPhases = (
				3D92695527C00A9C00065A9A /* Sources */,
				3D92695627C00A9C00065A9A /* Frameworks */,
				3D92695727C00A9C00065A9A /* Resources */,
			);
			buildRules = (
			);
			dependencies = (
			);
			name = FoodDesertTake2;
			productName = FoodDesertTake2;
			productReference = 3D92695927C00A9C00065A9A /* FoodDesertTake2.app */;
			productType = "com.apple.product-type.application";
		};
		3D92696E27C00A9F00065A9A /* FoodDesertTake2Tests */ = {
			isa = PBXNativeTarget;
			buildConfigurationList = 3D92698627C00A9F00065A9A /* Build configuration list for PBXNativeTarget "FoodDesertTake2Tests" */;
			buildPhases = (
				3D92696B27C00A9F00065A9A /* Sources */,
				3D92696C27C00A9F00065A9A /* Frameworks */,
				3D92696D27C00A9F00065A9A /* Resources */,
			);
			buildRules = (
			);
			dependencies = (
				3D92697127C00A9F00065A9A /* PBXTargetDependency */,
			);
			name = FoodDesertTake2Tests;
			productName = FoodDesertTake2Tests;
			productReference = 3D92696F27C00A9F00065A9A /* FoodDesertTake2Tests.xctest */;
			productType = "com.apple.product-type.bundle.unit-test";
		};
		3D92697827C00A9F00065A9A /* FoodDesertTake2UITests */ = {
			isa = PBXNativeTarget;
			buildConfigurationList = 3D92698927C00A9F00065A9A /* Build configuration list for PBXNativeTarget "FoodDesertTake2UITests" */;
			buildPhases = (
				3D92697527C00A9F00065A9A /* Sources */,
				3D92697627C00A9F00065A9A /* Frameworks */,
				3D92697727C00A9F00065A9A /* Resources */,
			);
			buildRules = (
			);
			dependencies = (
				3D92697B27C00A9F00065A9A /* PBXTargetDependency */,
			);
			name = FoodDesertTake2UITests;
			productName = FoodDesertTake2UITests;
			productReference = 3D92697927C00A9F00065A9A /* FoodDesertTake2UITests.xctest */;
			productType = "com.apple.product-type.bundle.ui-testing";
		};
/* End PBXNativeTarget section */

/* Begin PBXProject section */
		3D92695127C00A9C00065A9A /* Project object */ = {
			isa = PBXProject;
			attributes = {
				BuildIndependentTargetsInParallel = 1;
				LastSwiftUpdateCheck = 1320;
				LastUpgradeCheck = 1320;
				TargetAttributes = {
					3D92695827C00A9C00065A9A = {
						CreatedOnToolsVersion = 13.2.1;
					};
					3D92696E27C00A9F00065A9A = {
						CreatedOnToolsVersion = 13.2.1;
						TestTargetID = 3D92695827C00A9C00065A9A;
					};
					3D92697827C00A9F00065A9A = {
						CreatedOnToolsVersion = 13.2.1;
						TestTargetID = 3D92695827C00A9C00065A9A;
					};
				};
			};
			buildConfigurationList = 3D92695427C00A9C00065A9A /* Build configuration list for PBXProject "FoodDesertTake2" */;
			compatibilityVersion = "Xcode 13.0";
			developmentRegion = en;
			hasScannedForEncodings = 0;
			knownRegions = (
				en,
				Base,
			);
			mainGroup = 3D92695027C00A9C00065A9A;
			productRefGroup = 3D92695A27C00A9C00065A9A /* Products */;
			projectDirPath = "";
			projectRoot = "";
			targets = (
				3D92695827C00A9C00065A9A /* FoodDesertTake2 */,
				3D92696E27C00A9F00065A9A /* FoodDesertTake2Tests */,
				3D92697827C00A9F00065A9A /* FoodDesertTake2UITests */,
			);
		};
/* End PBXProject section */

/* Begin PBXResourcesBuildPhase section */
		3D92695727C00A9C00065A9A /* Resources */ = {
			isa = PBXResourcesBuildPhase;
			buildActionMask = 2147483647;
			files = (
				3DF6808F27C20AA200D1170D /* FloridaFoodDeserts.geojson in Resources */,
				3DF6808D27C2067000D1170D /* Food_Access_USDA.geojson in Resources */,
				3D435A4427C47A2E001921BA /* Food_Banks%2C_2017.geojson in Resources */,
				3D92696927C00A9E00065A9A /* LaunchScreen.storyboard in Resources */,
				3DB6282127C5C5DB00AC1B93 /* PLEASEWORK.geojson in Resources */,
				3D92696627C00A9E00065A9A /* Assets.xcassets in Resources */,
				3D92696427C00A9C00065A9A /* Main.storyboard in Resources */,
			);
			runOnlyForDeploymentPostprocessing = 0;
		};
		3D92696D27C00A9F00065A9A /* Resources */ = {
			isa = PBXResourcesBuildPhase;
			buildActionMask = 2147483647;
			files = (
			);
			runOnlyForDeploymentPostprocessing = 0;
		};
		3D92697727C00A9F00065A9A /* Resources */ = {
			isa = PBXResourcesBuildPhase;
			buildActionMask = 2147483647;
			files = (
			);
			runOnlyForDeploymentPostprocessing = 0;
		};
/* End PBXResourcesBuildPhase section */

/* Begin PBXSourcesBuildPhase section */
		3D92695527C00A9C00065A9A /* Sources */ = {
			isa = PBXSourcesBuildPhase;
			buildActionMask = 2147483647;
			files = (
				3D99CE1E27C495270065F10E /* FoodBanksView.swift in Sources */,
				3D92696127C00A9C00065A9A /* ViewController.swift in Sources */,
				3D24AD3A27C29D0400C79447 /* CountyInfo.swift in Sources */,
				3D99CE1C27C4946C0065F10E /* FoodBanks.swift in Sources */,
				3D92695D27C00A9C00065A9A /* AppDelegate.swift in Sources */,
				3D92695F27C00A9C00065A9A /* SceneDelegate.swift in Sources */,
			);
			runOnlyForDeploymentPostprocessing = 0;
		};
		3D92696B27C00A9F00065A9A /* Sources */ = {
			isa = PBXSourcesBuildPhase;
			buildActionMask = 2147483647;
			files = (
				3D92697427C00A9F00065A9A /* FoodDesertTake2Tests.swift in Sources */,
			);
			runOnlyForDeploymentPostprocessing = 0;
		};
		3D92697527C00A9F00065A9A /* Sources */ = {
			isa = PBXSourcesBuildPhase;
			buildActionMask = 2147483647;
			files = (
				3D92697E27C00A9F00065A9A /* FoodDesertTake2UITests.swift in Sources */,
				3D92698027C00A9F00065A9A /* FoodDesertTake2UITestsLaunchTests.swift in Sources */,
			);
			runOnlyForDeploymentPostprocessing = 0;
		};
/* End PBXSourcesBuildPhase section */

/* Begin PBXTargetDependency section */
		3D92697127C00A9F00065A9A /* PBXTargetDependency */ = {
			isa = PBXTargetDependency;
			target = 3D92695827C00A9C00065A9A /* FoodDesertTake2 */;
			targetProxy = 3D92697027C00A9F00065A9A /* PBXContainerItemProxy */;
		};
		3D92697B27C00A9F00065A9A /* PBXTargetDependency */ = {
			isa = PBXTargetDependency;
			target = 3D92695827C00A9C00065A9A /* FoodDesertTake2 */;
			targetProxy = 3D92697A27C00A9F00065A9A /* PBXContainerItemProxy */;
		};
/* End PBXTargetDependency section */

/* Begin PBXVariantGroup section */
		3D92696227C00A9C00065A9A /* Main.storyboard */ = {
			isa = PBXVariantGroup;
			children = (
				3D92696327C00A9C00065A9A /* Base */,
			);
			name = Main.storyboard;
			sourceTree = "<group>";
		};
		3D92696727C00A9E00065A9A /* LaunchScreen.storyboard */ = {
			isa = PBXVariantGroup;
			children = (
				3D92696827C00A9E00065A9A /* Base */,
			);
			name = LaunchScreen.storyboard;
			sourceTree = "<group>";
		};
/* End PBXVariantGroup section */

/* Begin XCBuildConfiguration section */
		3D92698127C00A9F00065A9A /* Debug */ = {
			isa = XCBuildConfiguration;
			buildSettings = {
				ALWAYS_SEARCH_USER_PATHS = NO;
				CLANG_ANALYZER_NONNULL = YES;
				CLANG_ANALYZER_NUMBER_OBJECT_CONVERSION = YES_AGGRESSIVE;
				CLANG_CXX_LANGUAGE_STANDARD = "gnu++17";
				CLANG_CXX_LIBRARY = "libc++";
				CLANG_ENABLE_MODULES = YES;
				CLANG_ENABLE_OBJC_ARC = YES;
				CLANG_ENABLE_OBJC_WEAK = YES;
				CLANG_WARN_BLOCK_CAPTURE_AUTORELEASING = YES;
				CLANG_WARN_BOOL_CONVERSION = YES;
				CLANG_WARN_COMMA = YES;
				CLANG_WARN_CONSTANT_CONVERSION = YES;
				CLANG_WARN_DEPRECATED_OBJC_IMPLEMENTATIONS = YES;
				CLANG_WARN_DIRECT_OBJC_ISA_USAGE = YES_ERROR;
				CLANG_WARN_DOCUMENTATION_COMMENTS = YES;
				CLANG_WARN_EMPTY_BODY = YES;
				CLANG_WARN_ENUM_CONVERSION = YES;
				CLANG_WARN_INFINITE_RECURSION = YES;
				CLANG_WARN_INT_CONVERSION = YES;
				CLANG_WARN_NON_LITERAL_NULL_CONVERSION = YES;
				CLANG_WARN_OBJC_IMPLICIT_RETAIN_SELF = YES;
				CLANG_WARN_OBJC_LITERAL_CONVERSION = YES;
				CLANG_WARN_OBJC_ROOT_CLASS = YES_ERROR;
				CLANG_WARN_QUOTED_INCLUDE_IN_FRAMEWORK_HEADER = YES;
				CLANG_WARN_RANGE_LOOP_ANALYSIS = YES;
				CLANG_WARN_STRICT_PROTOTYPES = YES;
				CLANG_WARN_SUSPICIOUS_MOVE = YES;
				CLANG_WARN_UNGUARDED_AVAILABILITY = YES_AGGRESSIVE;
				CLANG_WARN_UNREACHABLE_CODE = YES;
				CLANG_WARN__DUPLICATE_METHOD_MATCH = YES;
				COPY_PHASE_STRIP = NO;
				DEBUG_INFORMATION_FORMAT = dwarf;
				ENABLE_STRICT_OBJC_MSGSEND = YES;
				ENABLE_TESTABILITY = YES;
				GCC_C_LANGUAGE_STANDARD = gnu11;
				GCC_DYNAMIC_NO_PIC = NO;
				GCC_NO_COMMON_BLOCKS = YES;
				GCC_OPTIMIZATION_LEVEL = 0;
				GCC_PREPROCESSOR_DEFINITIONS = (
					"DEBUG=1",
					"$(inherited)",
				);
				GCC_WARN_64_TO_32_BIT_CONVERSION = YES;
				GCC_WARN_ABOUT_RETURN_TYPE = YES_ERROR;
				GCC_WARN_UNDECLARED_SELECTOR = YES;
				GCC_WARN_UNINITIALIZED_AUTOS = YES_AGGRESSIVE;
				GCC_WARN_UNUSED_FUNCTION = YES;
				GCC_WARN_UNUSED_VARIABLE = YES;
				IPHONEOS_DEPLOYMENT_TARGET = 15.2;
				MTL_ENABLE_DEBUG_INFO = INCLUDE_SOURCE;
				MTL_FAST_MATH = YES;
				ONLY_ACTIVE_ARCH = YES;
				SDKROOT = iphoneos;
				SWIFT_ACTIVE_COMPILATION_CONDITIONS = DEBUG;
				SWIFT_OPTIMIZATION_LEVEL = "-Onone";
			};
			name = Debug;
		};
		3D92698227C00A9F00065A9A /* Release */ = {
			isa = XCBuildConfiguration;
			buildSettings = {
				ALWAYS_SEARCH_USER_PATHS = NO;
				CLANG_ANALYZER_NONNULL = YES;
				CLANG_ANALYZER_NUMBER_OBJECT_CONVERSION = YES_AGGRESSIVE;
				CLANG_CXX_LANGUAGE_STANDARD = "gnu++17";
				CLANG_CXX_LIBRARY = "libc++";
				CLANG_ENABLE_MODULES = YES;
				CLANG_ENABLE_OBJC_ARC = YES;
				CLANG_ENABLE_OBJC_WEAK = YES;
				CLANG_WARN_BLOCK_CAPTURE_AUTORELEASING = YES;
				CLANG_WARN_BOOL_CONVERSION = YES;
				CLANG_WARN_COMMA = YES;
				CLANG_WARN_CONSTANT_CONVERSION = YES;
				CLANG_WARN_DEPRECATED_OBJC_IMPLEMENTATIONS = YES;
				CLANG_WARN_DIRECT_OBJC_ISA_USAGE = YES_ERROR;
				CLANG_WARN_DOCUMENTATION_COMMENTS = YES;
				CLANG_WARN_EMPTY_BODY = YES;
				CLANG_WARN_ENUM_CONVERSION = YES;
				CLANG_WARN_INFINITE_RECURSION = YES;
				CLANG_WARN_INT_CONVERSION = YES;
				CLANG_WARN_NON_LITERAL_NULL_CONVERSION = YES;
				CLANG_WARN_OBJC_IMPLICIT_RETAIN_SELF = YES;
				CLANG_WARN_OBJC_LITERAL_CONVERSION = YES;
				CLANG_WARN_OBJC_ROOT_CLASS = YES_ERROR;
				CLANG_WARN_QUOTED_INCLUDE_IN_FRAMEWORK_HEADER = YES;
				CLANG_WARN_RANGE_LOOP_ANALYSIS = YES;
				CLANG_WARN_STRICT_PROTOTYPES = YES;
				CLANG_WARN_SUSPICIOUS_MOVE = YES;
				CLANG_WARN_UNGUARDED_AVAILABILITY = YES_AGGRESSIVE;
				CLANG_WARN_UNREACHABLE_CODE = YES;
				CLANG_WARN__DUPLICATE_METHOD_MATCH = YES;
				COPY_PHASE_STRIP = NO;
				DEBUG_INFORMATION_FORMAT = "dwarf-with-dsym";
				ENABLE_NS_ASSERTIONS = NO;
				ENABLE_STRICT_OBJC_MSGSEND = YES;
				GCC_C_LANGUAGE_STANDARD = gnu11;
				GCC_NO_COMMON_BLOCKS = YES;
				GCC_WARN_64_TO_32_BIT_CONVERSION = YES;
				GCC_WARN_ABOUT_RETURN_TYPE = YES_ERROR;
				GCC_WARN_UNDECLARED_SELECTOR = YES;
				GCC_WARN_UNINITIALIZED_AUTOS = YES_AGGRESSIVE;
				GCC_WARN_UNUSED_FUNCTION = YES;
				GCC_WARN_UNUSED_VARIABLE = YES;
				IPHONEOS_DEPLOYMENT_TARGET = 15.2;
				MTL_ENABLE_DEBUG_INFO = NO;
				MTL_FAST_MATH = YES;
				SDKROOT = iphoneos;
				SWIFT_COMPILATION_MODE = wholemodule;
				SWIFT_OPTIMIZATION_LEVEL = "-O";
				VALIDATE_PRODUCT = YES;
			};
			name = Release;
		};
		3D92698427C00A9F00065A9A /* Debug */ = {
			isa = XCBuildConfiguration;
			buildSettings = {
				ASSETCATALOG_COMPILER_APPICON_NAME = AppIcon;
				ASSETCATALOG_COMPILER_GLOBAL_ACCENT_COLOR_NAME = AccentColor;
				CODE_SIGN_STYLE = Automatic;
				CURRENT_PROJECT_VERSION = 1;
				GENERATE_INFOPLIST_FILE = YES;
				INFOPLIST_FILE = FoodDesertTake2/Info.plist;
				INFOPLIST_KEY_UIApplicationSupportsIndirectInputEvents = YES;
				INFOPLIST_KEY_UILaunchStoryboardName = LaunchScreen;
				INFOPLIST_KEY_UIMainStoryboardFile = Main;
				INFOPLIST_KEY_UISupportedInterfaceOrientations_iPad = "UIInterfaceOrientationPortrait UIInterfaceOrientationPortraitUpsideDown UIInterfaceOrientationLandscapeLeft UIInterfaceOrientationLandscapeRight";
				INFOPLIST_KEY_UISupportedInterfaceOrientations_iPhone = "UIInterfaceOrientationPortrait UIInterfaceOrientationLandscapeLeft UIInterfaceOrientationLandscapeRight";
				LD_RUNPATH_SEARCH_PATHS = (
					"$(inherited)",
					"@executable_path/Frameworks",
				);
				MARKETING_VERSION = 1.0;
				PRODUCT_BUNDLE_IDENTIFIER = Personal.FoodDesertTake2;
				PRODUCT_NAME = "$(TARGET_NAME)";
				SWIFT_EMIT_LOC_STRINGS = YES;
				SWIFT_VERSION = 5.0;
				TARGETED_DEVICE_FAMILY = "1,2";
			};
			name = Debug;
		};
		3D92698527C00A9F00065A9A /* Release */ = {
			isa = XCBuildConfiguration;
			buildSettings = {
				ASSETCATALOG_COMPILER_APPICON_NAME = AppIcon;
				ASSETCATALOG_COMPILER_GLOBAL_ACCENT_COLOR_NAME = AccentColor;
				CODE_SIGN_STYLE = Automatic;
				CURRENT_PROJECT_VERSION = 1;
				GENERATE_INFOPLIST_FILE = YES;
				INFOPLIST_FILE = FoodDesertTake2/Info.plist;
				INFOPLIST_KEY_UIApplicationSupportsIndirectInputEvents = YES;
				INFOPLIST_KEY_UILaunchStoryboardName = LaunchScreen;
				INFOPLIST_KEY_UIMainStoryboardFile = Main;
				INFOPLIST_KEY_UISupportedInterfaceOrientations_iPad = "UIInterfaceOrientationPortrait UIInterfaceOrientationPortraitUpsideDown UIInterfaceOrientationLandscapeLeft UIInterfaceOrientationLandscapeRight";
				INFOPLIST_KEY_UISupportedInterfaceOrientations_iPhone = "UIInterfaceOrientationPortrait UIInterfaceOrientationLandscapeLeft UIInterfaceOrientationLandscapeRight";
				LD_RUNPATH_SEARCH_PATHS = (
					"$(inherited)",
					"@executable_path/Frameworks",
				);
				MARKETING_VERSION = 1.0;
				PRODUCT_BUNDLE_IDENTIFIER = Personal.FoodDesertTake2;
				PRODUCT_NAME = "$(TARGET_NAME)";
				SWIFT_EMIT_LOC_STRINGS = YES;
				SWIFT_VERSION = 5.0;
				TARGETED_DEVICE_FAMILY = "1,2";
			};
			name = Release;
		};
		3D92698727C00A9F00065A9A /* Debug */ = {
			isa = XCBuildConfiguration;
			buildSettings = {
				ALWAYS_EMBED_SWIFT_STANDARD_LIBRARIES = YES;
				BUNDLE_LOADER = "$(TEST_HOST)";
				CODE_SIGN_STYLE = Automatic;
				CURRENT_PROJECT_VERSION = 1;
				GENERATE_INFOPLIST_FILE = YES;
				IPHONEOS_DEPLOYMENT_TARGET = 15.2;
				MARKETING_VERSION = 1.0;
				PRODUCT_BUNDLE_IDENTIFIER = Personal.FoodDesertTake2Tests;
				PRODUCT_NAME = "$(TARGET_NAME)";
				SWIFT_EMIT_LOC_STRINGS = NO;
				SWIFT_VERSION = 5.0;
				TARGETED_DEVICE_FAMILY = "1,2";
				TEST_HOST = "$(BUILT_PRODUCTS_DIR)/FoodDesertTake2.app/FoodDesertTake2";
			};
			name = Debug;
		};
		3D92698827C00A9F00065A9A /* Release */ = {
			isa = XCBuildConfiguration;
			buildSettings = {
				ALWAYS_EMBED_SWIFT_STANDARD_LIBRARIES = YES;
				BUNDLE_LOADER = "$(TEST_HOST)";
				CODE_SIGN_STYLE = Automatic;
				CURRENT_PROJECT_VERSION = 1;
				GENERATE_INFOPLIST_FILE = YES;
				IPHONEOS_DEPLOYMENT_TARGET = 15.2;
				MARKETING_VERSION = 1.0;
				PRODUCT_BUNDLE_IDENTIFIER = Personal.FoodDesertTake2Tests;
				PRODUCT_NAME = "$(TARGET_NAME)";
				SWIFT_EMIT_LOC_STRINGS = NO;
				SWIFT_VERSION = 5.0;
				TARGETED_DEVICE_FAMILY = "1,2";
				TEST_HOST = "$(BUILT_PRODUCTS_DIR)/FoodDesertTake2.app/FoodDesertTake2";
			};
			name = Release;
		};
		3D92698A27C00A9F00065A9A /* Debug */ = {
			isa = XCBuildConfiguration;
			buildSettings = {
				ALWAYS_EMBED_SWIFT_STANDARD_LIBRARIES = YES;
				CODE_SIGN_STYLE = Automatic;
				CURRENT_PROJECT_VERSION = 1;
				GENERATE_INFOPLIST_FILE = YES;
				MARKETING_VERSION = 1.0;
				PRODUCT_BUNDLE_IDENTIFIER = Personal.FoodDesertTake2UITests;
				PRODUCT_NAME = "$(TARGET_NAME)";
				SWIFT_EMIT_LOC_STRINGS = NO;
				SWIFT_VERSION = 5.0;
				TARGETED_DEVICE_FAMILY = "1,2";
				TEST_TARGET_NAME = FoodDesertTake2;
			};
			name = Debug;
		};
		3D92698B27C00A9F00065A9A /* Release */ = {
			isa = XCBuildConfiguration;
			buildSettings = {
				ALWAYS_EMBED_SWIFT_STANDARD_LIBRARIES = YES;
				CODE_SIGN_STYLE = Automatic;
				CURRENT_PROJECT_VERSION = 1;
				GENERATE_INFOPLIST_FILE = YES;
				MARKETING_VERSION = 1.0;
				PRODUCT_BUNDLE_IDENTIFIER = Personal.FoodDesertTake2UITests;
				PRODUCT_NAME = "$(TARGET_NAME)";
				SWIFT_EMIT_LOC_STRINGS = NO;
				SWIFT_VERSION = 5.0;
				TARGETED_DEVICE_FAMILY = "1,2";
				TEST_TARGET_NAME = FoodDesertTake2;
			};
			name = Release;
		};
/* End XCBuildConfiguration section */

/* Begin XCConfigurationList section */
		3D92695427C00A9C00065A9A /* Build configuration list for PBXProject "FoodDesertTake2" */ = {
			isa = XCConfigurationList;
			buildConfigurations = (
				3D92698127C00A9F00065A9A /* Debug */,
				3D92698227C00A9F00065A9A /* Release */,
			);
			defaultConfigurationIsVisible = 0;
			defaultConfigurationName = Release;
		};
		3D92698327C00A9F00065A9A /* Build configuration list for PBXNativeTarget "FoodDesertTake2" */ = {
			isa = XCConfigurationList;
			buildConfigurations = (
				3D92698427C00A9F00065A9A /* Debug */,
				3D92698527C00A9F00065A9A /* Release */,
			);
			defaultConfigurationIsVisible = 0;
			defaultConfigurationName = Release;
		};
		3D92698627C00A9F00065A9A /* Build configuration list for PBXNativeTarget "FoodDesertTake2Tests" */ = {
			isa = XCConfigurationList;
			buildConfigurations = (
				3D92698727C00A9F00065A9A /* Debug */,
				3D92698827C00A9F00065A9A /* Release */,
			);
			defaultConfigurationIsVisible = 0;
			defaultConfigurationName = Release;
		};
		3D92698927C00A9F00065A9A /* Build configuration list for PBXNativeTarget "FoodDesertTake2UITests" */ = {
			isa = XCConfigurationList;
			buildConfigurations = (
				3D92698A27C00A9F00065A9A /* Debug */,
				3D92698B27C00A9F00065A9A /* Release */,
			);
			defaultConfigurationIsVisible = 0;
			defaultConfigurationName = Release;
		};
/* End XCConfigurationList section */
	};
	rootObject = 3D92695127C00A9C00065A9A /* Project object */;
}
